PODS:
  - Alamofire (5.2.2)
  - CDYelpFusionKit (2.1.0):
    - Alamofire (= 5.2.2)
    - ObjectMapper (= 4.2.0)
  - ObjectMapper (4.2.0)
  - UberCore (0.13.0)
  - UberRides (0.13.0):
    - UberCore
  - YelpAPI (3.0.0)

DEPENDENCIES:
  - CDYelpFusionKit
  - UberRides (~> 0.9)
  - YelpAPI

SPEC REPOS:
  trunk:
    - Alamofire
    - CDYelpFusionKit
    - ObjectMapper
    - UberCore
    - UberRides
    - YelpAPI

SPEC CHECKSUMS:
  Alamofire: 814429acc853c6c54ff123fc3d2ef66803823ce0
  CDYelpFusionKit: b828e471ab7da62245d834c6cac71f7d35e16b48
  ObjectMapper: 1eb41f610210777375fa806bf161dc39fb832b81
  UberCore: 27cd75eff06f70c57897fa3dcec1eb015a8c24ad
  UberRides: 6344d67ed1547b6b66c88f5c15dd659d9028217d
  YelpAPI: 9ae0ee45b998d306c1aff9b2d966dc23121f191e

PODFILE CHECKSUM: 3c80ebfdccf74ddfee3fba97d2fa8006b71bf7b1

COCOAPODS: 1.8.4
