// !$*UTF8*$!
{
	archiveVersion = 1;
	classes = {
	};
	objectVersion = 51;
	objects = {

/* Begin PBXBuildFile section */
		B70C5FE52376477C005FC420 /* AppDelegate.swift in Sources */ = {isa = PBXBuildFile; fileRef = B70C5FE42376477C005FC420 /* AppDelegate.swift */; };
		B70C5FE72376477C005FC420 /* SceneDelegate.swift in Sources */ = {isa = PBXBuildFile; fileRef = B70C5FE62376477C005FC420 /* SceneDelegate.swift */; };
		B70C5FE92376477C005FC420 /* ContentView.swift in Sources */ = {isa = PBXBuildFile; fileRef = B70C5FE82376477C005FC420 /* ContentView.swift */; };
		B70C5FEB23764786005FC420 /* Assets.xcassets in Resources */ = {isa = PBXBuildFile; fileRef = B70C5FEA23764786005FC420 /* Assets.xcassets */; };
		B70C5FEE23764786005FC420 /* Preview Assets.xcassets in Resources */ = {isa = PBXBuildFile; fileRef = B70C5FED23764786005FC420 /* Preview Assets.xcassets */; };
		B70C5FF123764786005FC420 /* LaunchScreen.storyboard in Resources */ = {isa = PBXBuildFile; fileRef = B70C5FEF23764786005FC420 /* LaunchScreen.storyboard */; };
		B72AC593237B83E30062EBF5 /* YelpRequests.swift in Sources */ = {isa = PBXBuildFile; fileRef = B72AC592237B83E30062EBF5 /* YelpRequests.swift */; };
		B7401B182381FDBD009A92D2 /* ItineraryView.swift in Sources */ = {isa = PBXBuildFile; fileRef = B7401B172381FDBC009A92D2 /* ItineraryView.swift */; };
		B7FADEB8237A7F0D00C65540 /* InterestsView.swift in Sources */ = {isa = PBXBuildFile; fileRef = B7FADEB7237A7F0D00C65540 /* InterestsView.swift */; };
		B7FADEBA237A807C00C65540 /* StartPageView.swift in Sources */ = {isa = PBXBuildFile; fileRef = B7FADEB9237A807C00C65540 /* StartPageView.swift */; };
		BD790DA02A62C1D7DFF30CD7 /* Pods_Wayfar.framework in Frameworks */ = {isa = PBXBuildFile; fileRef = DDC1A6FD01E5FB869DFF0936 /* Pods_Wayfar.framework */; };
/* End PBXBuildFile section */

/* Begin PBXFileReference section */
		062AC96CE83FFEE4376DADD9 /* Pods-Wayfar.release.xcconfig */ = {isa = PBXFileReference; includeInIndex = 1; lastKnownFileType = text.xcconfig; name = "Pods-Wayfar.release.xcconfig"; path = "Target Support Files/Pods-Wayfar/Pods-Wayfar.release.xcconfig"; sourceTree = "<group>"; };
		36AB7CCCE5D6C60D90446A90 /* Pods-Wayfar.debug.xcconfig */ = {isa = PBXFileReference; includeInIndex = 1; lastKnownFileType = text.xcconfig; name = "Pods-Wayfar.debug.xcconfig"; path = "Target Support Files/Pods-Wayfar/Pods-Wayfar.debug.xcconfig"; sourceTree = "<group>"; };
		B70C5FE12376477C005FC420 /* Wayfar.app */ = {isa = PBXFileReference; explicitFileType = wrapper.application; includeInIndex = 0; path = Wayfar.app; sourceTree = BUILT_PRODUCTS_DIR; };
		B70C5FE42376477C005FC420 /* AppDelegate.swift */ = {isa = PBXFileReference; lastKnownFileType = sourcecode.swift; path = AppDelegate.swift; sourceTree = "<group>"; };
		B70C5FE62376477C005FC420 /* SceneDelegate.swift */ = {isa = PBXFileReference; lastKnownFileType = sourcecode.swift; path = SceneDelegate.swift; sourceTree = "<group>"; };
		B70C5FE82376477C005FC420 /* ContentView.swift */ = {isa = PBXFileReference; lastKnownFileType = sourcecode.swift; path = ContentView.swift; sourceTree = "<group>"; };
		B70C5FEA23764786005FC420 /* Assets.xcassets */ = {isa = PBXFileReference; lastKnownFileType = folder.assetcatalog; path = Assets.xcassets; sourceTree = "<group>"; };
		B70C5FED23764786005FC420 /* Preview Assets.xcassets */ = {isa = PBXFileReference; lastKnownFileType = folder.assetcatalog; path = "Preview Assets.xcassets"; sourceTree = "<group>"; };
		B70C5FF023764786005FC420 /* Base */ = {isa = PBXFileReference; lastKnownFileType = file.storyboard; name = Base; path = Base.lproj/LaunchScreen.storyboard; sourceTree = "<group>"; };
		B70C5FF223764786005FC420 /* Info.plist */ = {isa = PBXFileReference; lastKnownFileType = text.plist.xml; path = Info.plist; sourceTree = "<group>"; };
		B72AC592237B83E30062EBF5 /* YelpRequests.swift */ = {isa = PBXFileReference; lastKnownFileType = sourcecode.swift; path = YelpRequests.swift; sourceTree = "<group>"; };
		B7401B172381FDBC009A92D2 /* ItineraryView.swift */ = {isa = PBXFileReference; lastKnownFileType = sourcecode.swift; path = ItineraryView.swift; sourceTree = "<group>"; };
		B7FADEB7237A7F0D00C65540 /* InterestsView.swift */ = {isa = PBXFileReference; lastKnownFileType = sourcecode.swift; path = InterestsView.swift; sourceTree = "<group>"; };
		B7FADEB9237A807C00C65540 /* StartPageView.swift */ = {isa = PBXFileReference; lastKnownFileType = sourcecode.swift; path = StartPageView.swift; sourceTree = "<group>"; };
		DDC1A6FD01E5FB869DFF0936 /* Pods_Wayfar.framework */ = {isa = PBXFileReference; explicitFileType = wrapper.framework; includeInIndex = 0; path = Pods_Wayfar.framework; sourceTree = BUILT_PRODUCTS_DIR; };
/* End PBXFileReference section */

/* Begin PBXFrameworksBuildPhase section */
		B70C5FDE2376477C005FC420 /* Frameworks */ = {
			isa = PBXFrameworksBuildPhase;
			buildActionMask = 2147483647;
			files = (
				BD790DA02A62C1D7DFF30CD7 /* Pods_Wayfar.framework in Frameworks */,
			);
			runOnlyForDeploymentPostprocessing = 0;
		};
/* End PBXFrameworksBuildPhase section */

/* Begin PBXGroup section */
		B49162A44A4A6CB906E143D7 /* Pods */ = {
			isa = PBXGroup;
			children = (
				36AB7CCCE5D6C60D90446A90 /* Pods-Wayfar.debug.xcconfig */,
				062AC96CE83FFEE4376DADD9 /* Pods-Wayfar.release.xcconfig */,
			);
			path = Pods;
			sourceTree = "<group>";
		};
		B70C5FD82376477C005FC420 = {
			isa = PBXGroup;
			children = (
				B70C5FE32376477C005FC420 /* Wayfar */,
				B70C5FE22376477C005FC420 /* Products */,
				B49162A44A4A6CB906E143D7 /* Pods */,
				B8A019B9BD94D8E0827D1EE4 /* Frameworks */,
			);
			sourceTree = "<group>";
		};
		B70C5FE22376477C005FC420 /* Products */ = {
			isa = PBXGroup;
			children = (
				B70C5FE12376477C005FC420 /* Wayfar.app */,
			);
			name = Products;
			sourceTree = "<group>";
		};
		B70C5FE32376477C005FC420 /* Wayfar */ = {
			isa = PBXGroup;
			children = (
				B70C5FE42376477C005FC420 /* AppDelegate.swift */,
				B70C5FE62376477C005FC420 /* SceneDelegate.swift */,
				B70C5FE82376477C005FC420 /* ContentView.swift */,
				B7FADEB7237A7F0D00C65540 /* InterestsView.swift */,
				B7FADEB9237A807C00C65540 /* StartPageView.swift */,
				B72AC592237B83E30062EBF5 /* YelpRequests.swift */,
				B7401B172381FDBC009A92D2 /* ItineraryView.swift */,
				B70C5FEA23764786005FC420 /* Assets.xcassets */,
				B70C5FEF23764786005FC420 /* LaunchScreen.storyboard */,
				B70C5FF223764786005FC420 /* Info.plist */,
				B70C5FEC23764786005FC420 /* Preview Content */,
			);
			path = Wayfar;
			sourceTree = "<group>";
		};
		B70C5FEC23764786005FC420 /* Preview Content */ = {
			isa = PBXGroup;
			children = (
				B70C5FED23764786005FC420 /* Preview Assets.xcassets */,
			);
			path = "Preview Content";
			sourceTree = "<group>";
		};
		B8A019B9BD94D8E0827D1EE4 /* Frameworks */ = {
			isa = PBXGroup;
			children = (
				DDC1A6FD01E5FB869DFF0936 /* Pods_Wayfar.framework */,
			);
			name = Frameworks;
			sourceTree = "<group>";
		};
/* End PBXGroup section */

/* Begin PBXNativeTarget section */
		B70C5FE02376477C005FC420 /* Wayfar */ = {
			isa = PBXNativeTarget;
			buildConfigurationList = B70C5FF523764786005FC420 /* Build configuration list for PBXNativeTarget "Wayfar" */;
			buildPhases = (
				E6FB9D81FFE0B912E13B3DBE /* [CP] Check Pods Manifest.lock */,
				B70C5FDD2376477C005FC420 /* Sources */,
				B70C5FDE2376477C005FC420 /* Frameworks */,
				B70C5FDF2376477C005FC420 /* Resources */,
				D5B3A5BF6CB89DAF25F5302C /* [CP] Embed Pods Frameworks */,
			);
			buildRules = (
			);
			dependencies = (
			);
			name = Wayfar;
			productName = Wayfar;
			productReference = B70C5FE12376477C005FC420 /* Wayfar.app */;
			productType = "com.apple.product-type.application";
		};
/* End PBXNativeTarget section */

/* Begin PBXProject section */
		B70C5FD92376477C005FC420 /* Project object */ = {
			isa = PBXProject;
			attributes = {
				LastSwiftUpdateCheck = 1120;
				LastUpgradeCheck = 1220;
				ORGANIZATIONNAME = Vasanth;
				TargetAttributes = {
					B70C5FE02376477C005FC420 = {
						CreatedOnToolsVersion = 11.2;
					};
				};
			};
			buildConfigurationList = B70C5FDC2376477C005FC420 /* Build configuration list for PBXProject "Wayfar" */;
			compatibilityVersion = "Xcode 9.3";
			developmentRegion = en;
			hasScannedForEncodings = 0;
			knownRegions = (
				en,
				Base,
			);
			mainGroup = B70C5FD82376477C005FC420;
			productRefGroup = B70C5FE22376477C005FC420 /* Products */;
			projectDirPath = "";
			projectRoot = "";
			targets = (
				B70C5FE02376477C005FC420 /* Wayfar */,
			);
		};
/* End PBXProject section */

/* Begin PBXResourcesBuildPhase section */
		B70C5FDF2376477C005FC420 /* Resources */ = {
			isa = PBXResourcesBuildPhase;
			buildActionMask = 2147483647;
			files = (
				B70C5FF123764786005FC420 /* LaunchScreen.storyboard in Resources */,
				B70C5FEE23764786005FC420 /* Preview Assets.xcassets in Resources */,
				B70C5FEB23764786005FC420 /* Assets.xcassets in Resources */,
			);
			runOnlyForDeploymentPostprocessing = 0;
		};
/* End PBXResourcesBuildPhase section */

/* Begin PBXShellScriptBuildPhase section */
		D5B3A5BF6CB89DAF25F5302C /* [CP] Embed Pods Frameworks */ = {
			isa = PBXShellScriptBuildPhase;
			buildActionMask = 2147483647;
			files = (
			);
			inputFileListPaths = (
				"${PODS_ROOT}/Target Support Files/Pods-Wayfar/Pods-Wayfar-frameworks-${CONFIGURATION}-input-files.xcfilelist",
			);
			name = "[CP] Embed Pods Frameworks";
			outputFileListPaths = (
				"${PODS_ROOT}/Target Support Files/Pods-Wayfar/Pods-Wayfar-frameworks-${CONFIGURATION}-output-files.xcfilelist",
			);
			runOnlyForDeploymentPostprocessing = 0;
			shellPath = /bin/sh;
			shellScript = "\"${PODS_ROOT}/Target Support Files/Pods-Wayfar/Pods-Wayfar-frameworks.sh\"\n";
			showEnvVarsInLog = 0;
		};
		E6FB9D81FFE0B912E13B3DBE /* [CP] Check Pods Manifest.lock */ = {
			isa = PBXShellScriptBuildPhase;
			buildActionMask = 2147483647;
			files = (
			);
			inputFileListPaths = (
			);
			inputPaths = (
				"${PODS_PODFILE_DIR_PATH}/Podfile.lock",
				"${PODS_ROOT}/Manifest.lock",
			);
			name = "[CP] Check Pods Manifest.lock";
			outputFileListPaths = (
			);
			outputPaths = (
				"$(DERIVED_FILE_DIR)/Pods-Wayfar-checkManifestLockResult.txt",
			);
			runOnlyForDeploymentPostprocessing = 0;
			shellPath = /bin/sh;
			shellScript = "diff \"${PODS_PODFILE_DIR_PATH}/Podfile.lock\" \"${PODS_ROOT}/Manifest.lock\" > /dev/null\nif [ $? != 0 ] ; then\n    # print error to STDERR\n    echo \"error: The sandbox is not in sync with the Podfile.lock. Run 'pod install' or update your CocoaPods installation.\" >&2\n    exit 1\nfi\n# This output is used by Xcode 'outputs' to avoid re-running this script phase.\necho \"SUCCESS\" > \"${SCRIPT_OUTPUT_FILE_0}\"\n";
			showEnvVarsInLog = 0;
		};
/* End PBXShellScriptBuildPhase section */

/* Begin PBXSourcesBuildPhase section */
		B70C5FDD2376477C005FC420 /* Sources */ = {
			isa = PBXSourcesBuildPhase;
			buildActionMask = 2147483647;
			files = (
				B70C5FE52376477C005FC420 /* AppDelegate.swift in Sources */,
				B70C5FE72376477C005FC420 /* SceneDelegate.swift in Sources */,
				B7FADEBA237A807C00C65540 /* StartPageView.swift in Sources */,
				B7FADEB8237A7F0D00C65540 /* InterestsView.swift in Sources */,
				B70C5FE92376477C005FC420 /* ContentView.swift in Sources */,
				B72AC593237B83E30062EBF5 /* YelpRequests.swift in Sources */,
				B7401B182381FDBD009A92D2 /* ItineraryView.swift in Sources */,
			);
			runOnlyForDeploymentPostprocessing = 0;
		};
/* End PBXSourcesBuildPhase section */

/* Begin PBXVariantGroup section */
		B70C5FEF23764786005FC420 /* LaunchScreen.storyboard */ = {
			isa = PBXVariantGroup;
			children = (
				B70C5FF023764786005FC420 /* Base */,
			);
			name = LaunchScreen.storyboard;
			sourceTree = "<group>";
		};
/* End PBXVariantGroup section */

/* Begin XCBuildConfiguration section */
		B70C5FF323764786005FC420 /* Debug */ = {
			isa = XCBuildConfiguration;
			buildSettings = {
				ALWAYS_SEARCH_USER_PATHS = NO;
				CLANG_ANALYZER_NONNULL = YES;
				CLANG_ANALYZER_NUMBER_OBJECT_CONVERSION = YES_AGGRESSIVE;
				CLANG_CXX_LANGUAGE_STANDARD = "gnu++14";
				CLANG_CXX_LIBRARY = "libc++";
				CLANG_ENABLE_MODULES = YES;
				CLANG_ENABLE_OBJC_ARC = YES;
				CLANG_ENABLE_OBJC_WEAK = YES;
				CLANG_WARN_BLOCK_CAPTURE_AUTORELEASING = YES;
				CLANG_WARN_BOOL_CONVERSION = YES;
				CLANG_WARN_COMMA = YES;
				CLANG_WARN_CONSTANT_CONVERSION = YES;
				CLANG_WARN_DEPRECATED_OBJC_IMPLEMENTATIONS = YES;
				CLANG_WARN_DIRECT_OBJC_ISA_USAGE = YES_ERROR;
				CLANG_WARN_DOCUMENTATION_COMMENTS = YES;
				CLANG_WARN_EMPTY_BODY = YES;
				CLANG_WARN_ENUM_CONVERSION = YES;
				CLANG_WARN_INFINITE_RECURSION = YES;
				CLANG_WARN_INT_CONVERSION = YES;
				CLANG_WARN_NON_LITERAL_NULL_CONVERSION = YES;
				CLANG_WARN_OBJC_IMPLICIT_RETAIN_SELF = YES;
				CLANG_WARN_OBJC_LITERAL_CONVERSION = YES;
				CLANG_WARN_OBJC_ROOT_CLASS = YES_ERROR;
				CLANG_WARN_QUOTED_INCLUDE_IN_FRAMEWORK_HEADER = YES;
				CLANG_WARN_RANGE_LOOP_ANALYSIS = YES;
				CLANG_WARN_STRICT_PROTOTYPES = YES;
				CLANG_WARN_SUSPICIOUS_MOVE = YES;
				CLANG_WARN_UNGUARDED_AVAILABILITY = YES_AGGRESSIVE;
				CLANG_WARN_UNREACHABLE_CODE = YES;
				CLANG_WARN__DUPLICATE_METHOD_MATCH = YES;
				COPY_PHASE_STRIP = NO;
				DEBUG_INFORMATION_FORMAT = dwarf;
				ENABLE_STRICT_OBJC_MSGSEND = YES;
				ENABLE_TESTABILITY = YES;
				GCC_C_LANGUAGE_STANDARD = gnu11;
				GCC_DYNAMIC_NO_PIC = NO;
				GCC_NO_COMMON_BLOCKS = YES;
				GCC_OPTIMIZATION_LEVEL = 0;
				GCC_PREPROCESSOR_DEFINITIONS = (
					"DEBUG=1",
					"$(inherited)",
				);
				GCC_WARN_64_TO_32_BIT_CONVERSION = YES;
				GCC_WARN_ABOUT_RETURN_TYPE = YES_ERROR;
				GCC_WARN_UNDECLARED_SELECTOR = YES;
				GCC_WARN_UNINITIALIZED_AUTOS = YES_AGGRESSIVE;
				GCC_WARN_UNUSED_FUNCTION = YES;
				GCC_WARN_UNUSED_VARIABLE = YES;
				IPHONEOS_DEPLOYMENT_TARGET = 13.0;
				MTL_ENABLE_DEBUG_INFO = INCLUDE_SOURCE;
				MTL_FAST_MATH = YES;
				ONLY_ACTIVE_ARCH = YES;
				SDKROOT = iphoneos;
				SWIFT_ACTIVE_COMPILATION_CONDITIONS = DEBUG;
				SWIFT_OPTIMIZATION_LEVEL = "-Onone";
			};
			name = Debug;
		};
		B70C5FF423764786005FC420 /* Release */ = {
			isa = XCBuildConfiguration;
			buildSettings = {
				ALWAYS_SEARCH_USER_PATHS = NO;
				CLANG_ANALYZER_NONNULL = YES;
				CLANG_ANALYZER_NUMBER_OBJECT_CONVERSION = YES_AGGRESSIVE;
				CLANG_CXX_LANGUAGE_STANDARD = "gnu++14";
				CLANG_CXX_LIBRARY = "libc++";
				CLANG_ENABLE_MODULES = YES;
				CLANG_ENABLE_OBJC_ARC = YES;
				CLANG_ENABLE_OBJC_WEAK = YES;
				CLANG_WARN_BLOCK_CAPTURE_AUTORELEASING = YES;
				CLANG_WARN_BOOL_CONVERSION = YES;
				CLANG_WARN_COMMA = YES;
				CLANG_WARN_CONSTANT_CONVERSION = YES;
				CLANG_WARN_DEPRECATED_OBJC_IMPLEMENTATIONS = YES;
				CLANG_WARN_DIRECT_OBJC_ISA_USAGE = YES_ERROR;
				CLANG_WARN_DOCUMENTATION_COMMENTS = YES;
				CLANG_WARN_EMPTY_BODY = YES;
				CLANG_WARN_ENUM_CONVERSION = YES;
				CLANG_WARN_INFINITE_RECURSION = YES;
				CLANG_WARN_INT_CONVERSION = YES;
				CLANG_WARN_NON_LITERAL_NULL_CONVERSION = YES;
				CLANG_WARN_OBJC_IMPLICIT_RETAIN_SELF = YES;
				CLANG_WARN_OBJC_LITERAL_CONVERSION = YES;
				CLANG_WARN_OBJC_ROOT_CLASS = YES_ERROR;
				CLANG_WARN_QUOTED_INCLUDE_IN_FRAMEWORK_HEADER = YES;
				CLANG_WARN_RANGE_LOOP_ANALYSIS = YES;
				CLANG_WARN_STRICT_PROTOTYPES = YES;
				CLANG_WARN_SUSPICIOUS_MOVE = YES;
				CLANG_WARN_UNGUARDED_AVAILABILITY = YES_AGGRESSIVE;
				CLANG_WARN_UNREACHABLE_CODE = YES;
				CLANG_WARN__DUPLICATE_METHOD_MATCH = YES;
				COPY_PHASE_STRIP = NO;
				DEBUG_INFORMATION_FORMAT = "dwarf-with-dsym";
				ENABLE_NS_ASSERTIONS = NO;
				ENABLE_STRICT_OBJC_MSGSEND = YES;
				GCC_C_LANGUAGE_STANDARD = gnu11;
				GCC_NO_COMMON_BLOCKS = YES;
				GCC_WARN_64_TO_32_BIT_CONVERSION = YES;
				GCC_WARN_ABOUT_RETURN_TYPE = YES_ERROR;
				GCC_WARN_UNDECLARED_SELECTOR = YES;
				GCC_WARN_UNINITIALIZED_AUTOS = YES_AGGRESSIVE;
				GCC_WARN_UNUSED_FUNCTION = YES;
				GCC_WARN_UNUSED_VARIABLE = YES;
				IPHONEOS_DEPLOYMENT_TARGET = 13.0;
				MTL_ENABLE_DEBUG_INFO = NO;
				MTL_FAST_MATH = YES;
				SDKROOT = iphoneos;
				SWIFT_COMPILATION_MODE = wholemodule;
				SWIFT_OPTIMIZATION_LEVEL = "-O";
				VALIDATE_PRODUCT = YES;
			};
			name = Release;
		};
		B70C5FF623764786005FC420 /* Debug */ = {
			isa = XCBuildConfiguration;
			baseConfigurationReference = 36AB7CCCE5D6C60D90446A90 /* Pods-Wayfar.debug.xcconfig */;
			buildSettings = {
				ASSETCATALOG_COMPILER_APPICON_NAME = AppIcon;
				CODE_SIGN_STYLE = Automatic;
				DEVELOPMENT_ASSET_PATHS = "\"Wayfar/Preview Content\"";
				DEVELOPMENT_TEAM = DH4HF8J8PU;
				ENABLE_PREVIEWS = YES;
				INFOPLIST_FILE = Wayfar/Info.plist;
				IPHONEOS_DEPLOYMENT_TARGET = 13.2;
				LD_RUNPATH_SEARCH_PATHS = (
					"$(inherited)",
					"@executable_path/Frameworks",
				);
				PRODUCT_BUNDLE_IDENTIFIER = com.vasanth.Wayfar;
				PRODUCT_NAME = "$(TARGET_NAME)";
				SWIFT_VERSION = 5.0;
				TARGETED_DEVICE_FAMILY = 1;
			};
			name = Debug;
		};
		B70C5FF723764786005FC420 /* Release */ = {
			isa = XCBuildConfiguration;
			baseConfigurationReference = 062AC96CE83FFEE4376DADD9 /* Pods-Wayfar.release.xcconfig */;
			buildSettings = {
				ASSETCATALOG_COMPILER_APPICON_NAME = AppIcon;
				CODE_SIGN_STYLE = Automatic;
				DEVELOPMENT_ASSET_PATHS = "\"Wayfar/Preview Content\"";
				DEVELOPMENT_TEAM = DH4HF8J8PU;
				ENABLE_PREVIEWS = YES;
				INFOPLIST_FILE = Wayfar/Info.plist;
				IPHONEOS_DEPLOYMENT_TARGET = 13.2;
				LD_RUNPATH_SEARCH_PATHS = (
					"$(inherited)",
					"@executable_path/Frameworks",
				);
				PRODUCT_BUNDLE_IDENTIFIER = com.vasanth.Wayfar;
				PRODUCT_NAME = "$(TARGET_NAME)";
				SWIFT_VERSION = 5.0;
				TARGETED_DEVICE_FAMILY = 1;
			};
			name = Release;
		};
/* End XCBuildConfiguration section */

/* Begin XCConfigurationList section */
		B70C5FDC2376477C005FC420 /* Build configuration list for PBXProject "Wayfar" */ = {
			isa = XCConfigurationList;
			buildConfigurations = (
				B70C5FF323764786005FC420 /* Debug */,
				B70C5FF423764786005FC420 /* Release */,
			);
			defaultConfigurationIsVisible = 0;
			defaultConfigurationName = Release;
		};
		B70C5FF523764786005FC420 /* Build configuration list for PBXNativeTarget "Wayfar" */ = {
			isa = XCConfigurationList;
			buildConfigurations = (
				B70C5FF623764786005FC420 /* Debug */,
				B70C5FF723764786005FC420 /* Release */,
			);
			defaultConfigurationIsVisible = 0;
			defaultConfigurationName = Release;
		};
/* End XCConfigurationList section */
	};
	rootObject = B70C5FD92376477C005FC420 /* Project object */;
}
